{
    "_readme": [
        "This file locks the dependencies of your project to a known state",
        "Read more about it at https://getcomposer.org/doc/01-basic-usage.md#installing-dependencies",
        "This file is @generated automatically"
    ],
    "content-hash": "0348a10788a7f223129ca4a852bbe1c5",
    "packages": [
        {
            "name": "mbolli/php-via",
            "version": "dev-master",
            "dist": {
                "type": "path",
                "url": "..",
                "reference": "4a99b1884d9e02a9ec0a4b0b2aedd8e8f507ef07"
            },
            "require": {
                "ext-openswoole": "*",
                "nyholm/psr7": "^1.8",
                "openswoole/core": "^22.2",
                "php": "^8.4",
                "psr/http-server-middleware": "^1.0",
                "starfederation/datastar-php": "^1.0",
                "twig/twig": "^3.0"
            },
            "require-dev": {
                "friendsofphp/php-cs-fixer": "^3.90.0",
                "openswoole/ide-helper": "^22.1",
                "pestphp/pest": "^4.0",
                "phpstan/extension-installer": "^1.4",
                "phpstan/phpstan": "^2.1.0",
                "phpstan/phpstan-deprecation-rules": "^2.0",
                "rector/type-perfect": "^2.1",
                "tomasvotruba/type-coverage": "^2.0"
            },
            "suggest": {
                "ext-brotli": "Required for Config::withBrotli(): Native Brotli compression for pages, static assets, and SSE streams"
            },
            "type": "library",
            "autoload": {
                "psr-4": {
                    "Mbolli\\PhpVia\\": "src/"
                }
            },
            "autoload-dev": {
                "psr-4": {
                    "Tests\\": "tests/"
                }
            },
            "scripts": {
                "phpstan": [
                    "phpstan analyse --configuration=.phpstan.neon"
                ],
                "cs-fix": [
                    "php-cs-fixer fix -v --config=.php-cs-fixer.php"
                ]
            },
            "license": [
                "MIT"
            ],
            "authors": [
                {
                    "name": "Michael Bolli",
                    "email": "michael@bolli.us"
                }
            ],
            "description": "Real-time engine for building reactive web applications in PHP",
            "transport-options": {
                "symlink": true,
                "relative": true
            }
        },
        {
            "name": "mbolli/tempest-highlight-datastar",
            "version": "v1.0.0",
            "source": {
                "type": "git",
                "url": "https://github.com/mbolli/tempest-highlight-datastar.git",
                "reference": "03eefc556dca96ffeea20344f0be29fe23c4b9ed"
            },
            "dist": {
                "type": "zip",
                "url": "https://api.github.com/repos/mbolli/tempest-highlight-datastar/zipball/03eefc556dca96ffeea20344f0be29fe23c4b9ed",
                "reference": "03eefc556dca96ffeea20344f0be29fe23c4b9ed",
                "shasum": ""
            },
            "require": {
                "php": "^8.4",
                "tempest/highlight": "^2.17"
            },
            "require-dev": {
                "friendsofphp/php-cs-fixer": "^3.0",
                "phpstan/phpstan": "^2.0"
            },
            "type": "library",
            "autoload": {
                "psr-4": {
                    "Mbolli\\TempestHighlightDatastar\\": "src/"
                }
            },
            "notification-url": "https://packagist.org/downloads/",
            "license": [
                "MIT"
            ],
            "authors": [
                {
                    "name": "Michael Bolli",
                    "email": "michael@zweiundeins.gmbh"
                }
            ],
            "description": "Datastar language support for tempest/highlight — highlights data-* attributes, $signals, @actions, and expressions.",
            "keywords": [
                "Datastar",
                "syntax-highlighting",
                "tempest-highlight"
            ],
            "support": {
                "issues": "https://github.com/mbolli/tempest-highlight-datastar/issues",
                "source": "https://github.com/mbolli/tempest-highlight-datastar/tree/v1.0.0"
            },
            "time": "2026-03-16T13:00:13+00:00"
        },
        {
            "name": "neomerx/cors-psr7",
            "version": "3.0.2",
            "source": {
                "type": "git",
                "url": "https://github.com/neomerx/cors-psr7.git",
                "reference": "515d7fdb60b9d475da70029d4e5662beaae1875f"
            },
            "dist": {
                "type": "zip",
                "url": "https://api.github.com/repos/neomerx/cors-psr7/zipball/515d7fdb60b9d475da70029d4e5662beaae1875f",
                "reference": "515d7fdb60b9d475da70029d4e5662beaae1875f",
                "shasum": ""
            },
            "require": {
                "php": ">=8.0.0",
                "psr/http-message": "^1.0",
                "psr/log": "^3.0"
            },
            "require-dev": {
                "friendsofphp/php-cs-fixer": "^3.11",
                "mockery/mockery": "^1.0",
                "phpunit/phpunit": "^9.2",
                "scrutinizer/ocular": "^1.4",
                "squizlabs/php_codesniffer": "^3.0"
            },
            "type": "library",
            "autoload": {
                "psr-4": {
                    "Neomerx\\Cors\\": "src/"
                }
            },
            "notification-url": "https://packagist.org/downloads/",
            "license": [
                "Apache-2.0"
            ],
            "authors": [
                {
                    "name": "neomerx",
                    "email": "info@neomerx.com"
                }
            ],
            "description": "Framework agnostic (PSR-7) CORS implementation (www.w3.org/TR/cors/)",
            "homepage": "https://github.com/neomerx/cors-psr7",
            "keywords": [
                "Cross Origin Resource Sharing",
                "Cross-Origin Resource Sharing",
                "cors",
                "neomerx",
                "psr-7",
                "psr7",
                "w3.org",
                "www.w3.org"
            ],
            "support": {
                "issues": "https://github.com/neomerx/cors-psr7/issues",
                "source": "https://github.com/neomerx/cors-psr7/tree/3.0.2"
            },
            "time": "2022-11-28T03:29:06+00:00"
        },
        {
            "name": "nyholm/psr7",
            "version": "1.8.2",
            "source": {
                "type": "git",
                "url": "https://github.com/Nyholm/psr7.git",
                "reference": "a71f2b11690f4b24d099d6b16690a90ae14fc6f3"
            },
            "dist": {
                "type": "zip",
                "url": "https://api.github.com/repos/Nyholm/psr7/zipball/a71f2b11690f4b24d099d6b16690a90ae14fc6f3",
                "reference": "a71f2b11690f4b24d099d6b16690a90ae14fc6f3",
                "shasum": ""
            },
            "require": {
                "php": ">=7.2",
                "psr/http-factory": "^1.0",
                "psr/http-message": "^1.1 || ^2.0"
            },
            "provide": {
                "php-http/message-factory-implementation": "1.0",
                "psr/http-factory-implementation": "1.0",
                "psr/http-message-implementation": "1.0"
            },
            "require-dev": {
                "http-interop/http-factory-tests": "^0.9",
                "php-http/message-factory": "^1.0",
                "php-http/psr7-integration-tests": "^1.0",
                "phpunit/phpunit": "^7.5 || ^8.5 || ^9.4",
                "symfony/error-handler": "^4.4"
            },
            "type": "library",
            "extra": {
                "branch-alias": {
                    "dev-master": "1.8-dev"
                }
            },
            "autoload": {
                "psr-4": {
                    "Nyholm\\Psr7\\": "src/"
                }
            },
            "notification-url": "https://packagist.org/downloads/",
            "license": [
                "MIT"
            ],
            "authors": [
                {
                    "name": "Tobias Nyholm",
                    "email": "tobias.nyholm@gmail.com"
                },
                {
                    "name": "Martijn van der Ven",
                    "email": "martijn@vanderven.se"
                }
            ],
            "description": "A fast PHP7 implementation of PSR-7",
            "homepage": "https://tnyholm.se",
            "keywords": [
                "psr-17",
                "psr-7"
            ],
            "support": {
                "issues": "https://github.com/Nyholm/psr7/issues",
                "source": "https://github.com/Nyholm/psr7/tree/1.8.2"
            },
            "funding": [
                {
                    "url": "https://github.com/Zegnat",
                    "type": "github"
                },
                {
                    "url": "https://github.com/nyholm",
                    "type": "github"
                }
            ],
            "time": "2024-09-09T07:06:30+00:00"
        },
        {
            "name": "openswoole/core",
            "version": "22.2.0",
            "source": {
                "type": "git",
                "url": "https://github.com/openswoole/core.git",
                "reference": "d611dd826aa4a9bdd094e4e0d493af4545cf1564"
            },
            "dist": {
                "type": "zip",
                "url": "https://api.github.com/repos/openswoole/core/zipball/d611dd826aa4a9bdd094e4e0d493af4545cf1564",
                "reference": "d611dd826aa4a9bdd094e4e0d493af4545cf1564",
                "shasum": ""
            },
            "require": {
                "ext-openswoole": ">=22.0",
                "php": ">=7.4",
                "psr/http-message": "^1.0 || ^2.0",
                "psr/http-server-middleware": "^1.0.0"
            },
            "require-dev": {
                "ext-curl": "*",
                "ext-sockets": "*",
                "friendsofphp/php-cs-fixer": "^3.6",
                "openswoole/ide-helper": "^22.0",
                "php-http/psr7-integration-tests": "^1.1",
                "phpunit/phpunit": "^9.5"
            },
            "suggest": {
                "ext-mysqli": "*",
                "ext-pdo": "*",
                "ext-redis": "Required to use redis database, and the required version is greater than or equal to 3.1.3"
            },
            "type": "library",
            "autoload": {
                "files": [
                    "src/Coroutine/functions.php"
                ],
                "psr-4": {
                    "OpenSwoole\\Core\\": "src/"
                }
            },
            "notification-url": "https://packagist.org/downloads/",
            "license": [
                "Apache-2.0"
            ],
            "authors": [
                {
                    "name": "OpenSwoole Group",
                    "email": "hello@openswoole.com"
                }
            ],
            "description": "Openswoole core library",
            "homepage": "https://openswoole.com",
            "keywords": [
                "http",
                "http2",
                "mqtt",
                "openswoole",
                "php",
                "tcp",
                "websocket"
            ],
            "support": {
                "docs": "https://openswoole.com/docs",
                "issues": "https://github.com/openswoole/openswoole/issues",
                "pull-request": "https://github.com/openswoole/openswoole/pulls",
                "source": "https://github.com/openswoole/openswoole"
            },
            "time": "2024-09-08T21:58:46+00:00"
        },
        {
            "name": "psr/http-factory",
            "version": "1.1.0",
            "source": {
                "type": "git",
                "url": "https://github.com/php-fig/http-factory.git",
                "reference": "2b4765fddfe3b508ac62f829e852b1501d3f6e8a"
            },
            "dist": {
                "type": "zip",
                "url": "https://api.github.com/repos/php-fig/http-factory/zipball/2b4765fddfe3b508ac62f829e852b1501d3f6e8a",
                "reference": "2b4765fddfe3b508ac62f829e852b1501d3f6e8a",
                "shasum": ""
            },
            "require": {
                "php": ">=7.1",
                "psr/http-message": "^1.0 || ^2.0"
            },
            "type": "library",
            "extra": {
                "branch-alias": {
                    "dev-master": "1.0.x-dev"
                }
            },
            "autoload": {
                "psr-4": {
                    "Psr\\Http\\Message\\": "src/"
                }
            },
            "notification-url": "https://packagist.org/downloads/",
            "license": [
                "MIT"
            ],
            "authors": [
                {
                    "name": "PHP-FIG",
                    "homepage": "https://www.php-fig.org/"
                }
            ],
            "description": "PSR-17: Common interfaces for PSR-7 HTTP message factories",
            "keywords": [
                "factory",
                "http",
                "message",
                "psr",
                "psr-17",
                "psr-7",
                "request",
                "response"
            ],
            "support": {
                "source": "https://github.com/php-fig/http-factory"
            },
            "time": "2024-04-15T12:06:14+00:00"
        },
        {
            "name": "psr/http-message",
            "version": "1.1",
            "source": {
                "type": "git",
                "url": "https://github.com/php-fig/http-message.git",
                "reference": "cb6ce4845ce34a8ad9e68117c10ee90a29919eba"
            },
            "dist": {
                "type": "zip",
                "url": "https://api.github.com/repos/php-fig/http-message/zipball/cb6ce4845ce34a8ad9e68117c10ee90a29919eba",
                "reference": "cb6ce4845ce34a8ad9e68117c10ee90a29919eba",
                "shasum": ""
            },
            "require": {
                "php": "^7.2 || ^8.0"
            },
            "type": "library",
            "extra": {
                "branch-alias": {
                    "dev-master": "1.1.x-dev"
                }
            },
            "autoload": {
                "psr-4": {
                    "Psr\\Http\\Message\\": "src/"
                }
            },
            "notification-url": "https://packagist.org/downloads/",
            "license": [
                "MIT"
            ],
            "authors": [
                {
                    "name": "PHP-FIG",
                    "homepage": "http://www.php-fig.org/"
                }
            ],
            "description": "Common interface for HTTP messages",
            "homepage": "https://github.com/php-fig/http-message",
            "keywords": [
                "http",
                "http-message",
                "psr",
                "psr-7",
                "request",
                "response"
            ],
            "support": {
                "source": "https://github.com/php-fig/http-message/tree/1.1"
            },
            "time": "2023-04-04T09:50:52+00:00"
        },
        {
            "name": "psr/http-server-handler",
            "version": "1.0.2",
            "source": {
                "type": "git",
                "url": "https://github.com/php-fig/http-server-handler.git",
                "reference": "84c4fb66179be4caaf8e97bd239203245302e7d4"
            },
            "dist": {
                "type": "zip",
                "url": "https://api.github.com/repos/php-fig/http-server-handler/zipball/84c4fb66179be4caaf8e97bd239203245302e7d4",
                "reference": "84c4fb66179be4caaf8e97bd239203245302e7d4",
                "shasum": ""
            },
            "require": {
                "php": ">=7.0",
                "psr/http-message": "^1.0 || ^2.0"
            },
            "type": "library",
            "extra": {
                "branch-alias": {
                    "dev-master": "1.0.x-dev"
                }
            },
            "autoload": {
                "psr-4": {
                    "Psr\\Http\\Server\\": "src/"
                }
            },
            "notification-url": "https://packagist.org/downloads/",
            "license": [
                "MIT"
            ],
            "authors": [
                {
                    "name": "PHP-FIG",
                    "homepage": "https://www.php-fig.org/"
                }
            ],
            "description": "Common interface for HTTP server-side request handler",
            "keywords": [
                "handler",
                "http",
                "http-interop",
                "psr",
                "psr-15",
                "psr-7",
                "request",
                "response",
                "server"
            ],
            "support": {
                "source": "https://github.com/php-fig/http-server-handler/tree/1.0.2"
            },
            "time": "2023-04-10T20:06:20+00:00"
        },
        {
            "name": "psr/http-server-middleware",
            "version": "1.0.2",
            "source": {
                "type": "git",
                "url": "https://github.com/php-fig/http-server-middleware.git",
                "reference": "c1481f747daaa6a0782775cd6a8c26a1bf4a3829"
            },
            "dist": {
                "type": "zip",
                "url": "https://api.github.com/repos/php-fig/http-server-middleware/zipball/c1481f747daaa6a0782775cd6a8c26a1bf4a3829",
                "reference": "c1481f747daaa6a0782775cd6a8c26a1bf4a3829",
                "shasum": ""
            },
            "require": {
                "php": ">=7.0",
                "psr/http-message": "^1.0 || ^2.0",
                "psr/http-server-handler": "^1.0"
            },
            "type": "library",
            "extra": {
                "branch-alias": {
                    "dev-master": "1.0.x-dev"
                }
            },
            "autoload": {
                "psr-4": {
                    "Psr\\Http\\Server\\": "src/"
                }
            },
            "notification-url": "https://packagist.org/downloads/",
            "license": [
                "MIT"
            ],
            "authors": [
                {
                    "name": "PHP-FIG",
                    "homepage": "https://www.php-fig.org/"
                }
            ],
            "description": "Common interface for HTTP server-side middleware",
            "keywords": [
                "http",
                "http-interop",
                "middleware",
                "psr",
                "psr-15",
                "psr-7",
                "request",
                "response"
            ],
            "support": {
                "issues": "https://github.com/php-fig/http-server-middleware/issues",
                "source": "https://github.com/php-fig/http-server-middleware/tree/1.0.2"
            },
            "time": "2023-04-11T06:14:47+00:00"
        },
        {
            "name": "psr/log",
            "version": "3.0.2",
            "source": {
                "type": "git",
                "url": "https://github.com/php-fig/log.git",
                "reference": "f16e1d5863e37f8d8c2a01719f5b34baa2b714d3"
            },
            "dist": {
                "type": "zip",
                "url": "https://api.github.com/repos/php-fig/log/zipball/f16e1d5863e37f8d8c2a01719f5b34baa2b714d3",
                "reference": "f16e1d5863e37f8d8c2a01719f5b34baa2b714d3",
                "shasum": ""
            },
            "require": {
                "php": ">=8.0.0"
            },
            "type": "library",
            "extra": {
                "branch-alias": {
                    "dev-master": "3.x-dev"
                }
            },
            "autoload": {
                "psr-4": {
                    "Psr\\Log\\": "src"
                }
            },
            "notification-url": "https://packagist.org/downloads/",
            "license": [
                "MIT"
            ],
            "authors": [
                {
                    "name": "PHP-FIG",
                    "homepage": "https://www.php-fig.org/"
                }
            ],
            "description": "Common interface for logging libraries",
            "homepage": "https://github.com/php-fig/log",
            "keywords": [
                "log",
                "psr",
                "psr-3"
            ],
            "support": {
                "source": "https://github.com/php-fig/log/tree/3.0.2"
            },
            "time": "2024-09-11T13:17:53+00:00"
        },
        {
            "name": "starfederation/datastar-php",
            "version": "1.0.0",
            "source": {
                "type": "git",
                "url": "https://github.com/starfederation/datastar-php.git",
                "reference": "0114ec8e5f38f5ebb4f5c54deed21bf95ea39f11"
            },
            "dist": {
                "type": "zip",
                "url": "https://api.github.com/repos/starfederation/datastar-php/zipball/0114ec8e5f38f5ebb4f5c54deed21bf95ea39f11",
                "reference": "0114ec8e5f38f5ebb4f5c54deed21bf95ea39f11",
                "shasum": ""
            },
            "require": {
                "php": ">=8.1"
            },
            "require-dev": {
                "craftcms/ecs": "dev-main",
                "craftcms/phpstan": "dev-main",
                "pestphp/pest": "^3.5"
            },
            "type": "library",
            "autoload": {
                "psr-4": {
                    "starfederation\\datastar\\": "src/"
                }
            },
            "notification-url": "https://packagist.org/downloads/",
            "license": [
                "mit"
            ],
            "authors": [
                {
                    "name": "Ben Croker",
                    "homepage": "https://putyourlightson.com/",
                    "role": "Author"
                }
            ],
            "description": "A PHP SDK for working with Datastar.",
            "support": {
                "docs": "https://github.com/starfederation/datastar-php",
                "issues": "https://github.com/starfederation/datastar-php/issues",
                "source": "https://github.com/starfederation/datastar-php"
            },
            "time": "2026-04-16T18:20:32+00:00"
        },
        {
            "name": "symfony/deprecation-contracts",
            "version": "v3.6.0",
            "source": {
                "type": "git",
                "url": "https://github.com/symfony/deprecation-contracts.git",
                "reference": "63afe740e99a13ba87ec199bb07bbdee937a5b62"
            },
            "dist": {
                "type": "zip",
                "url": "https://api.github.com/repos/symfony/deprecation-contracts/zipball/63afe740e99a13ba87ec199bb07bbdee937a5b62",
                "reference": "63afe740e99a13ba87ec199bb07bbdee937a5b62",
                "shasum": ""
            },
            "require": {
                "php": ">=8.1"
            },
            "type": "library",
            "extra": {
                "thanks": {
                    "url": "https://github.com/symfony/contracts",
                    "name": "symfony/contracts"
                },
                "branch-alias": {
                    "dev-main": "3.6-dev"
                }
            },
            "autoload": {
                "files": [
                    "function.php"
                ]
            },
            "notification-url": "https://packagist.org/downloads/",
            "license": [
                "MIT"
            ],
            "authors": [
                {
                    "name": "Nicolas Grekas",
                    "email": "p@tchwork.com"
                },
                {
                    "name": "Symfony Community",
                    "homepage": "https://symfony.com/contributors"
                }
            ],
            "description": "A generic function and convention to trigger deprecation notices",
            "homepage": "https://symfony.com",
            "support": {
                "source": "https://github.com/symfony/deprecation-contracts/tree/v3.6.0"
            },
            "funding": [
                {
                    "url": "https://symfony.com/sponsor",
                    "type": "custom"
                },
                {
                    "url": "https://github.com/fabpot",
                    "type": "github"
                },
                {
                    "url": "https://tidelift.com/funding/github/packagist/symfony/symfony",
                    "type": "tidelift"
                }
            ],
            "time": "2024-09-25T14:21:43+00:00"
        },
        {
            "name": "symfony/polyfill-ctype",
            "version": "v1.33.0",
            "source": {
                "type": "git",
                "url": "https://github.com/symfony/polyfill-ctype.git",
                "reference": "a3cc8b044a6ea513310cbd48ef7333b384945638"
            },
            "dist": {
                "type": "zip",
                "url": "https://api.github.com/repos/symfony/polyfill-ctype/zipball/a3cc8b044a6ea513310cbd48ef7333b384945638",
                "reference": "a3cc8b044a6ea513310cbd48ef7333b384945638",
                "shasum": ""
            },
            "require": {
                "php": ">=7.2"
            },
            "provide": {
                "ext-ctype": "*"
            },
            "suggest": {
                "ext-ctype": "For best performance"
            },
            "type": "library",
            "extra": {
                "thanks": {
                    "url": "https://github.com/symfony/polyfill",
                    "name": "symfony/polyfill"
                }
            },
            "autoload": {
                "files": [
                    "bootstrap.php"
                ],
                "psr-4": {
                    "Symfony\\Polyfill\\Ctype\\": ""
                }
            },
            "notification-url": "https://packagist.org/downloads/",
            "license": [
                "MIT"
            ],
            "authors": [
                {
                    "name": "Gert de Pagter",
                    "email": "BackEndTea@gmail.com"
                },
                {
                    "name": "Symfony Community",
                    "homepage": "https://symfony.com/contributors"
                }
            ],
            "description": "Symfony polyfill for ctype functions",
            "homepage": "https://symfony.com",
            "keywords": [
                "compatibility",
                "ctype",
                "polyfill",
                "portable"
            ],
            "support": {
                "source": "https://github.com/symfony/polyfill-ctype/tree/v1.33.0"
            },
            "funding": [
                {
                    "url": "https://symfony.com/sponsor",
                    "type": "custom"
                },
                {
                    "url": "https://github.com/fabpot",
                    "type": "github"
                },
                {
                    "url": "https://github.com/nicolas-grekas",
                    "type": "github"
                },
                {
                    "url": "https://tidelift.com/funding/github/packagist/symfony/symfony",
                    "type": "tidelift"
                }
            ],
            "time": "2024-09-09T11:45:10+00:00"
        },
        {
            "name": "symfony/polyfill-mbstring",
            "version": "v1.33.0",
            "source": {
                "type": "git",
                "url": "https://github.com/symfony/polyfill-mbstring.git",
                "reference": "6d857f4d76bd4b343eac26d6b539585d2bc56493"
            },
            "dist": {
                "type": "zip",
                "url": "https://api.github.com/repos/symfony/polyfill-mbstring/zipball/6d857f4d76bd4b343eac26d6b539585d2bc56493",
                "reference": "6d857f4d76bd4b343eac26d6b539585d2bc56493",
                "shasum": ""
            },
            "require": {
                "ext-iconv": "*",
                "php": ">=7.2"
            },
            "provide": {
                "ext-mbstring": "*"
            },
            "suggest": {
                "ext-mbstring": "For best performance"
            },
            "type": "library",
            "extra": {
                "thanks": {
                    "url": "https://github.com/symfony/polyfill",
                    "name": "symfony/polyfill"
                }
            },
            "autoload": {
                "files": [
                    "bootstrap.php"
                ],
                "psr-4": {
                    "Symfony\\Polyfill\\Mbstring\\": ""
                }
            },
            "notification-url": "https://packagist.org/downloads/",
            "license": [
                "MIT"
            ],
            "authors": [
                {
                    "name": "Nicolas Grekas",
                    "email": "p@tchwork.com"
                },
                {
                    "name": "Symfony Community",
                    "homepage": "https://symfony.com/contributors"
                }
            ],
            "description": "Symfony polyfill for the Mbstring extension",
            "homepage": "https://symfony.com",
            "keywords": [
                "compatibility",
                "mbstring",
                "polyfill",
                "portable",
                "shim"
            ],
            "support": {
                "source": "https://github.com/symfony/polyfill-mbstring/tree/v1.33.0"
            },
            "funding": [
                {
                    "url": "https://symfony.com/sponsor",
                    "type": "custom"
                },
                {
                    "url": "https://github.com/fabpot",
                    "type": "github"
                },
                {
                    "url": "https://github.com/nicolas-grekas",
                    "type": "github"
                },
                {
                    "url": "https://tidelift.com/funding/github/packagist/symfony/symfony",
                    "type": "tidelift"
                }
            ],
            "time": "2024-12-23T08:48:59+00:00"
        },
        {
            "name": "tempest/highlight",
            "version": "2.21.0",
            "source": {
                "type": "git",
                "url": "https://github.com/tempestphp/highlight.git",
                "reference": "d499fe38255ff37622fe3b5954591d82265b0210"
            },
            "dist": {
                "type": "zip",
                "url": "https://api.github.com/repos/tempestphp/highlight/zipball/d499fe38255ff37622fe3b5954591d82265b0210",
                "reference": "d499fe38255ff37622fe3b5954591d82265b0210",
                "shasum": ""
            },
            "require": {
                "php": "^8.4"
            },
            "require-dev": {
                "assertchris/ellison": "^1.0.2",
                "friendsofphp/php-cs-fixer": "^3.84",
                "league/commonmark": "^2.4",
                "phpbench/phpbench": "^1.4",
                "phpstan/phpstan": "^2.1",
                "phpunit/phpunit": "^12.0",
                "symfony/var-dumper": "^6.4|^7.0|^8.0"
            },
            "suggest": {
                "assertchris/ellison": "Allows you to analyse sentence complexity",
                "league/commonmark": "Adds markdown support"
            },
            "type": "library",
            "autoload": {
                "psr-4": {
                    "Tempest\\Highlight\\": "src/"
                }
            },
            "notification-url": "https://packagist.org/downloads/",
            "license": [
                "MIT"
            ],
            "authors": [
                {
                    "name": "Brent Roose",
                    "email": "brendt@stitcher.io"
                }
            ],
            "description": "Fast, extensible, server-side code highlighting",
            "support": {
                "issues": "https://github.com/tempestphp/highlight/issues",
                "source": "https://github.com/tempestphp/highlight/tree/2.21.0"
            },
            "funding": [
                {
                    "url": "https://github.com/brendt",
                    "type": "github"
                }
            ],
            "time": "2026-04-07T09:43:06+00:00"
        },
        {
            "name": "tuupola/callable-handler",
            "version": "1.1.0",
            "source": {
                "type": "git",
                "url": "https://github.com/tuupola/callable-handler.git",
                "reference": "0bc7b88630ca753de9aba8f411046856f5ca6f8c"
            },
            "dist": {
                "type": "zip",
                "url": "https://api.github.com/repos/tuupola/callable-handler/zipball/0bc7b88630ca753de9aba8f411046856f5ca6f8c",
                "reference": "0bc7b88630ca753de9aba8f411046856f5ca6f8c",
                "shasum": ""
            },
            "require": {
                "php": "^7.1|^8.0",
                "psr/http-server-middleware": "^1.0"
            },
            "require-dev": {
                "overtrue/phplint": "^1.0",
                "phpunit/phpunit": "^7.0|^8.0|^9.0",
                "squizlabs/php_codesniffer": "^3.2",
                "tuupola/http-factory": "^0.4.0|^1.0",
                "zendframework/zend-diactoros": "^1.6.0|^2.0"
            },
            "type": "library",
            "autoload": {
                "psr-4": {
                    "Tuupola\\Middleware\\": "src"
                }
            },
            "notification-url": "https://packagist.org/downloads/",
            "license": [
                "MIT"
            ],
            "authors": [
                {
                    "name": "Mika Tuupola",
                    "email": "tuupola@appelsiini.net",
                    "homepage": "https://appelsiini.net/",
                    "role": "Developer"
                }
            ],
            "description": "Compatibility layer for PSR-7 double pass and PSR-15 middlewares.",
            "homepage": "https://github.com/tuupola/callable-handler",
            "keywords": [
                "middleware",
                "psr-15",
                "psr-7"
            ],
            "support": {
                "issues": "https://github.com/tuupola/callable-handler/issues",
                "source": "https://github.com/tuupola/callable-handler/tree/1.1.0"
            },
            "funding": [
                {
                    "url": "https://github.com/tuupola",
                    "type": "github"
                }
            ],
            "time": "2020-09-09T08:31:54+00:00"
        },
        {
            "name": "tuupola/cors-middleware",
            "version": "1.5.0",
            "source": {
                "type": "git",
                "url": "https://github.com/tuupola/cors-middleware.git",
                "reference": "a3ce99bdd322cc5f12f2a0253222e12ad8ff25e2"
            },
            "dist": {
                "type": "zip",
                "url": "https://api.github.com/repos/tuupola/cors-middleware/zipball/a3ce99bdd322cc5f12f2a0253222e12ad8ff25e2",
                "reference": "a3ce99bdd322cc5f12f2a0253222e12ad8ff25e2",
                "shasum": ""
            },
            "require": {
                "neomerx/cors-psr7": "^2.0|^3.0",
                "php": "^7.2|^8.0",
                "psr/http-message": "^1.0.1|^2.0",
                "psr/http-server-middleware": "^1.0",
                "tuupola/callable-handler": "^1.0",
                "tuupola/http-factory": "^1.0.2"
            },
            "require-dev": {
                "equip/dispatch": "^2.0",
                "nyholm/psr7": "^1.5",
                "overtrue/phplint": "^3.0",
                "phpstan/phpstan": "^1.11",
                "phpstan/phpstan-strict-rules": "^1.4",
                "phpunit/phpunit": "^8.5.30|^9.0",
                "rector/rector": "^0.14.0",
                "symplify/easy-coding-standard": "^11.1"
            },
            "type": "library",
            "autoload": {
                "psr-4": {
                    "Tuupola\\Middleware\\": "src"
                }
            },
            "notification-url": "https://packagist.org/downloads/",
            "license": [
                "MIT"
            ],
            "authors": [
                {
                    "name": "Mika Tuupola",
                    "email": "tuupola@appelsiini.net",
                    "homepage": "https://www.appelsiini.net/",
                    "role": "Developer"
                }
            ],
            "description": "PSR-7 and PSR-15 CORS middleware",
            "homepage": "https://github.com/tuupola/cors-middleware",
            "keywords": [
                "cors",
                "middleware",
                "psr-15",
                "psr-7"
            ],
            "support": {
                "issues": "https://github.com/tuupola/cors-middleware/issues",
                "source": "https://github.com/tuupola/cors-middleware/tree/1.5.0"
            },
            "time": "2025-02-14T11:13:01+00:00"
        },
        {
            "name": "tuupola/http-factory",
            "version": "1.4.0",
            "source": {
                "type": "git",
                "url": "https://github.com/tuupola/http-factory.git",
                "reference": "ae3f8fbdd31cf2f1bbe920b38963c5e4d1e9c454"
            },
            "dist": {
                "type": "zip",
                "url": "https://api.github.com/repos/tuupola/http-factory/zipball/ae3f8fbdd31cf2f1bbe920b38963c5e4d1e9c454",
                "reference": "ae3f8fbdd31cf2f1bbe920b38963c5e4d1e9c454",
                "shasum": ""
            },
            "require": {
                "php": "^7.1|^8.0",
                "psr/http-factory": "^1.0"
            },
            "conflict": {
                "nyholm/psr7": "<1.0"
            },
            "provide": {
                "psr/http-factory-implementation": "^1.0"
            },
            "require-dev": {
                "http-interop/http-factory-tests": "^0.9.0",
                "overtrue/phplint": "^3.0",
                "phpunit/phpunit": "^7.0|^8.0|^9.0",
                "squizlabs/php_codesniffer": "^3.0"
            },
            "type": "library",
            "autoload": {
                "psr-4": {
                    "Tuupola\\Http\\Factory\\": "src"
                }
            },
            "notification-url": "https://packagist.org/downloads/",
            "license": [
                "MIT"
            ],
            "authors": [
                {
                    "name": "Mika Tuupola",
                    "email": "tuupola@appelsiini.net",
                    "homepage": "https://appelsiini.net/",
                    "role": "Developer"
                }
            ],
            "description": "Lightweight autodiscovering PSR-17 HTTP factories",
            "homepage": "https://github.com/tuupola/http-factory",
            "keywords": [
                "http",
                "psr-17",
                "psr-7"
            ],
            "support": {
                "issues": "https://github.com/tuupola/http-factory/issues",
                "source": "https://github.com/tuupola/http-factory/tree/1.4.0"
            },
            "funding": [
                {
                    "url": "https://github.com/tuupola",
                    "type": "github"
                }
            ],
            "time": "2021-09-14T12:46:25+00:00"
        },
        {
            "name": "twig/twig",
            "version": "v3.24.0",
            "source": {
                "type": "git",
                "url": "https://github.com/twigphp/Twig.git",
                "reference": "a6769aefb305efef849dc25c9fd1653358c148f0"
            },
            "dist": {
                "type": "zip",
                "url": "https://api.github.com/repos/twigphp/Twig/zipball/a6769aefb305efef849dc25c9fd1653358c148f0",
                "reference": "a6769aefb305efef849dc25c9fd1653358c148f0",
                "shasum": ""
            },
            "require": {
                "php": ">=8.1.0",
                "symfony/deprecation-contracts": "^2.5|^3",
                "symfony/polyfill-ctype": "^1.8",
                "symfony/polyfill-mbstring": "^1.3"
            },
            "require-dev": {
                "php-cs-fixer/shim": "^3.0@stable",
                "phpstan/phpstan": "^2.0@stable",
                "psr/container": "^1.0|^2.0",
                "symfony/phpunit-bridge": "^5.4.9|^6.4|^7.0"
            },
            "type": "library",
            "autoload": {
                "files": [
                    "src/Resources/core.php",
                    "src/Resources/debug.php",
                    "src/Resources/escaper.php",
                    "src/Resources/string_loader.php"
                ],
                "psr-4": {
                    "Twig\\": "src/"
                }
            },
            "notification-url": "https://packagist.org/downloads/",
            "license": [
                "BSD-3-Clause"
            ],
            "authors": [
                {
                    "name": "Fabien Potencier",
                    "email": "fabien@symfony.com",
                    "homepage": "http://fabien.potencier.org",
                    "role": "Lead Developer"
                },
                {
                    "name": "Twig Team",
                    "role": "Contributors"
                },
                {
                    "name": "Armin Ronacher",
                    "email": "armin.ronacher@active-4.com",
                    "role": "Project Founder"
                }
            ],
            "description": "Twig, the flexible, fast, and secure template language for PHP",
            "homepage": "https://twig.symfony.com",
            "keywords": [
                "templating"
            ],
            "support": {
                "issues": "https://github.com/twigphp/Twig/issues",
                "source": "https://github.com/twigphp/Twig/tree/v3.24.0"
            },
            "funding": [
                {
                    "url": "https://github.com/fabpot",
                    "type": "github"
                },
                {
                    "url": "https://tidelift.com/funding/github/packagist/twig/twig",
                    "type": "tidelift"
                }
            ],
            "time": "2026-03-17T21:31:11+00:00"
        }
    ],
    "packages-dev": [],
    "aliases": [],
    "minimum-stability": "dev",
    "stability-flags": {},
    "prefer-stable": true,
    "prefer-lowest": false,
    "platform": {
        "php": "^8.4"
    },
    "platform-dev": {},
    "plugin-api-version": "2.6.0"
}
